
Microsoft Visual Studio Solution File, Format Version 12.00
# Visual Studio Version 17
VisualStudioVersion = 17.14.36212.18 d17.14
MinimumVisualStudioVersion = 10.0.40219.1
Project("{888888A0-9F3D-457C-B088-3A5042F75D52}") = "parallel_ids", "parallel_ids.pyproj", "{E145F7FB-CABF-4BBE-B826-F301B00520CC}"
EndProject
Global
	GlobalSection(SolutionConfigurationPlatforms) = preSolution
		Debug|Any CPU = Debug|Any CPU
		Release|Any CPU = Release|Any CPU
	EndGlobalSection
	GlobalSection(ProjectConfigurationPlatforms) = postSolution
		{E145F7FB-CABF-4BBE-B826-F301B00520CC}.Debug|Any CPU.ActiveCfg = Debug|Any CPU
		{E145F7FB-CABF-4BBE-B826-F301B00520CC}.Release|Any CPU.ActiveCfg = Release|Any CPU
	EndGlobalSection
	GlobalSection(SolutionProperties) = preSolution
		HideSolutionNode = FALSE
	EndGlobalSection
	GlobalSection(ExtensibilityGlobals) = postSolution
		SolutionGuid = {E6FAED20-2F04-494B-828E-D283B837485D}
	EndGlobalSection
EndGlobal
